# This file is @generated by PDM.
# It is not intended for manual editing.

[metadata]
groups = ["default"]
strategy = ["inherit_metadata"]
lock_version = "4.5.0"
content_hash = "sha256:69ce79f4ff8403718d26323151d04ec84a5605319a3f502b8c8b995362cd2757"

[[metadata.targets]]
requires_python = "==3.14.*"

[[package]]
name = "pyobjc-core"
version = "12.0"
requires_python = ">=3.8"
summary = "Python<->ObjC Interoperability Module"
groups = ["default"]
files = [
    {file = "pyobjc_core-12.0-cp314-cp314-macosx_10_15_universal2.whl", hash = "sha256:c2709ff43ac5c2e9e2c574ae515d3aa0e470345847a4d96c5d4a04b1b86e966d"},
    {file = "pyobjc_core-12.0-cp314-cp314t-macosx_10_15_universal2.whl", hash = "sha256:eb6b987e53291e7cafd8f71a80a2dd44d7afec4202a143a3e47b75cb9cdb5716"},
    {file = "pyobjc_core-12.0.tar.gz", hash = "sha256:7e05c805a776149a937b61b892a0459895d32d9002bedc95ce2be31ef1e37a29"},
]

[[package]]
name = "pyobjc-framework-cocoa"
version = "12.0"
requires_python = ">=3.9"
summary = "Wrappers for the Cocoa frameworks on macOS"
groups = ["default"]
dependencies = [
    "pyobjc-core>=12.0",
]
files = [
    {file = "pyobjc_framework_cocoa-12.0-cp314-cp314-macosx_10_15_universal2.whl", hash = "sha256:a2b6fb9ab3e5ab6db04dfa17828a97894e7da85dd8600885c72a0c2c2214d618"},
    {file = "pyobjc_framework_cocoa-12.0-cp314-cp314t-macosx_10_15_universal2.whl", hash = "sha256:32ff10250a57f72a0b6eca85b790dcc87548ff71d33d0436ffb69680d5e2f308"},
    {file = "pyobjc_framework_cocoa-12.0.tar.gz", hash = "sha256:02d69305b698015a20fcc8e1296e1528e413d8cf9fdcd590478d359386d76e8a"},
]

[[package]]
name = "pyobjc-framework-scriptingbridge"
version = "12.0"
requires_python = ">=3.9"
summary = "Wrappers for the framework ScriptingBridge on macOS"
groups = ["default"]
dependencies = [
    "pyobjc-core>=12.0",
    "pyobjc-framework-Cocoa>=12.0",
]
files = [
    {file = "pyobjc_framework_scriptingbridge-12.0-cp314-cp314-macosx_10_15_universal2.whl", hash = "sha256:d70baa98108d4165a4dad62ddc30174fe7811b1425d99ebd9267e4d2d13ab549"},
    {file = "pyobjc_framework_scriptingbridge-12.0-cp314-cp314t-macosx_10_15_universal2.whl", hash = "sha256:f6b1d24381e445a815e6b2a7d4c00a343912aa549b8b781488652b072166f00f"},
    {file = "pyobjc_framework_scriptingbridge-12.0.tar.gz", hash = "sha256:062f03132fbf2f4e71bcf80d7e78c27d63588a1985d465ab1e7fa07f806590b5"},
]
